
Microsoft Visual Studio Solution File, Format Version 12.00
# Visual Studio Version 16
VisualStudioVersion = 16.0.31515.178
MinimumVisualStudioVersion = 10.0.40219.1
Project("{9A19103F-16F7-4668-BE54-9A1E7A4F7556}") = "BookStore", "BookStore\BookStore.csproj", "{BBB8C53D-52DD-469F-9708-F7EA60CE159C}"
EndProject
Project("{2150E333-8FDC-42A3-9474-1A3956D46DE8}") = "Web App", "Web App", "{2B8B37D4-C4F3-4CF9-BA31-3777BB601469}"
EndProject
Project("{2150E333-8FDC-42A3-9474-1A3956D46DE8}") = "Services", "Services", "{229729B0-D591-4AD6-8E01-2667F1F15B7F}"
EndProject
Project("{9A19103F-16F7-4668-BE54-9A1E7A4F7556}") = "BookStore.API", "BookStore.API\BookStore.API.csproj", "{DC87BD93-D201-4AEB-BEDD-A33721CDBDEE}"
EndProject
Project("{E53339B2-1760-4266-BCC7-CA923CBCF16C}") = "docker-compose", "docker-compose.dcproj", "{FE83D70E-CFF1-4B4B-B547-AB471D1AD49D}"
EndProject
Global
	GlobalSection(SolutionConfigurationPlatforms) = preSolution
		Debug|Any CPU = Debug|Any CPU
		Release|Any CPU = Release|Any CPU
	EndGlobalSection
	GlobalSection(ProjectConfigurationPlatforms) = postSolution
		{BBB8C53D-52DD-469F-9708-F7EA60CE159C}.Debug|Any CPU.ActiveCfg = Debug|Any CPU
		{BBB8C53D-52DD-469F-9708-F7EA60CE159C}.Debug|Any CPU.Build.0 = Debug|Any CPU
		{BBB8C53D-52DD-469F-9708-F7EA60CE159C}.Release|Any CPU.ActiveCfg = Release|Any CPU
		{BBB8C53D-52DD-469F-9708-F7EA60CE159C}.Release|Any CPU.Build.0 = Release|Any CPU
		{DC87BD93-D201-4AEB-BEDD-A33721CDBDEE}.Debug|Any CPU.ActiveCfg = Debug|Any CPU
		{DC87BD93-D201-4AEB-BEDD-A33721CDBDEE}.Debug|Any CPU.Build.0 = Debug|Any CPU
		{DC87BD93-D201-4AEB-BEDD-A33721CDBDEE}.Release|Any CPU.ActiveCfg = Release|Any CPU
		{DC87BD93-D201-4AEB-BEDD-A33721CDBDEE}.Release|Any CPU.Build.0 = Release|Any CPU
		{FE83D70E-CFF1-4B4B-B547-AB471D1AD49D}.Debug|Any CPU.ActiveCfg = Debug|Any CPU
		{FE83D70E-CFF1-4B4B-B547-AB471D1AD49D}.Debug|Any CPU.Build.0 = Debug|Any CPU
		{FE83D70E-CFF1-4B4B-B547-AB471D1AD49D}.Release|Any CPU.ActiveCfg = Release|Any CPU
		{FE83D70E-CFF1-4B4B-B547-AB471D1AD49D}.Release|Any CPU.Build.0 = Release|Any CPU
	EndGlobalSection
	GlobalSection(SolutionProperties) = preSolution
		HideSolutionNode = FALSE
	EndGlobalSection
	GlobalSection(NestedProjects) = preSolution
		{BBB8C53D-52DD-469F-9708-F7EA60CE159C} = {2B8B37D4-C4F3-4CF9-BA31-3777BB601469}
		{DC87BD93-D201-4AEB-BEDD-A33721CDBDEE} = {229729B0-D591-4AD6-8E01-2667F1F15B7F}
	EndGlobalSection
	GlobalSection(ExtensibilityGlobals) = postSolution
		SolutionGuid = {72FFE38B-100D-423D-BB5F-B7D7ACB0181A}
	EndGlobalSection
EndGlobal
